// !$*UTF8*$!
{
	archiveVersion = 1;
	classes = {
	};
	objectVersion = 46;
	objects = {

/* Begin PBXBuildFile section */
		700B04731D52D8F60000B0E4 /* AppDelegate.swift in Sources */ = {isa = PBXBuildFile; fileRef = 700B04721D52D8F60000B0E4 /* AppDelegate.swift */; };
		700B04751D52D8F60000B0E4 /* ViewController.swift in Sources */ = {isa = PBXBuildFile; fileRef = 700B04741D52D8F60000B0E4 /* ViewController.swift */; };
		700B04781D52D8F60000B0E4 /* Main.storyboard in Resources */ = {isa = PBXBuildFile; fileRef = 700B04761D52D8F60000B0E4 /* Main.storyboard */; };
		700B047A1D52D8F60000B0E4 /* Assets.xcassets in Resources */ = {isa = PBXBuildFile; fileRef = 700B04791D52D8F60000B0E4 /* Assets.xcassets */; };
		700B047D1D52D8F60000B0E4 /* LaunchScreen.storyboard in Resources */ = {isa = PBXBuildFile; fileRef = 700B047B1D52D8F60000B0E4 /* LaunchScreen.storyboard */; };
		700B04851D52DCA20000B0E4 /* Character.swift in Sources */ = {isa = PBXBuildFile; fileRef = 700B04841D52DCA20000B0E4 /* Character.swift */; };
		700B04871D52DEF30000B0E4 /* Player.swift in Sources */ = {isa = PBXBuildFile; fileRef = 700B04861D52DEF30000B0E4 /* Player.swift */; };
		700B048B1D52F6E70000B0E4 /* Minecraft.ttf in Resources */ = {isa = PBXBuildFile; fileRef = 700B048A1D52F6E70000B0E4 /* Minecraft.ttf */; };
		700B048D1D52FC4A0000B0E4 /* 215033__taira-komori__katana1.mp3 in Resources */ = {isa = PBXBuildFile; fileRef = 700B048C1D52FC4A0000B0E4 /* 215033__taira-komori__katana1.mp3 */; };
		700B048F1D52FCD10000B0E4 /* 76969__michel88__paino.wav in Resources */ = {isa = PBXBuildFile; fileRef = 700B048E1D52FCD10000B0E4 /* 76969__michel88__paino.wav */; };
		700B04911D53014B0000B0E4 /* Saint Seiya - Japanese - Pegasus RyuSeiKen.mp3 in Resources */ = {isa = PBXBuildFile; fileRef = 700B04901D53014B0000B0E4 /* Saint Seiya - Japanese - Pegasus RyuSeiKen.mp3 */; };
		700B04931D537F1A0000B0E4 /* Sound.swift in Sources */ = {isa = PBXBuildFile; fileRef = 700B04921D537F1A0000B0E4 /* Sound.swift */; };
		700B04951D5380640000B0E4 /* Game.swift in Sources */ = {isa = PBXBuildFile; fileRef = 700B04941D5380640000B0E4 /* Game.swift */; };
		700B04971D538ED70000B0E4 /* Start.swift in Sources */ = {isa = PBXBuildFile; fileRef = 700B04961D538ED70000B0E4 /* Start.swift */; };
		700B04991D5393820000B0E4 /* 271139__strange-dragoon__menu-select.wav in Resources */ = {isa = PBXBuildFile; fileRef = 700B04981D5393820000B0E4 /* 271139__strange-dragoon__menu-select.wav */; };
/* End PBXBuildFile section */

/* Begin PBXFileReference section */
		700B046F1D52D8F60000B0E4 /* Exercise 4 - OOP.app */ = {isa = PBXFileReference; explicitFileType = wrapper.application; includeInIndex = 0; path = "Exercise 4 - OOP.app"; sourceTree = BUILT_PRODUCTS_DIR; };
		700B04721D52D8F60000B0E4 /* AppDelegate.swift */ = {isa = PBXFileReference; lastKnownFileType = sourcecode.swift; path = AppDelegate.swift; sourceTree = "<group>"; };
		700B04741D52D8F60000B0E4 /* ViewController.swift */ = {isa = PBXFileReference; lastKnownFileType = sourcecode.swift; path = ViewController.swift; sourceTree = "<group>"; };
		700B04771D52D8F60000B0E4 /* Base */ = {isa = PBXFileReference; lastKnownFileType = file.storyboard; name = Base; path = Base.lproj/Main.storyboard; sourceTree = "<group>"; };
		700B04791D52D8F60000B0E4 /* Assets.xcassets */ = {isa = PBXFileReference; lastKnownFileType = folder.assetcatalog; path = Assets.xcassets; sourceTree = "<group>"; };
		700B047C1D52D8F60000B0E4 /* Base */ = {isa = PBXFileReference; lastKnownFileType = file.storyboard; name = Base; path = Base.lproj/LaunchScreen.storyboard; sourceTree = "<group>"; };
		700B047E1D52D8F60000B0E4 /* Info.plist */ = {isa = PBXFileReference; lastKnownFileType = text.plist.xml; path = Info.plist; sourceTree = "<group>"; };
		700B04841D52DCA20000B0E4 /* Character.swift */ = {isa = PBXFileReference; fileEncoding = 4; lastKnownFileType = sourcecode.swift; path = Character.swift; sourceTree = "<group>"; };
		700B04861D52DEF30000B0E4 /* Player.swift */ = {isa = PBXFileReference; fileEncoding = 4; lastKnownFileType = sourcecode.swift; path = Player.swift; sourceTree = "<group>"; };
		700B048A1D52F6E70000B0E4 /* Minecraft.ttf */ = {isa = PBXFileReference; lastKnownFileType = file; path = Minecraft.ttf; sourceTree = "<group>"; };
		700B048C1D52FC4A0000B0E4 /* 215033__taira-komori__katana1.mp3 */ = {isa = PBXFileReference; lastKnownFileType = audio.mp3; path = "215033__taira-komori__katana1.mp3"; sourceTree = "<group>"; };
		700B048E1D52FCD10000B0E4 /* 76969__michel88__paino.wav */ = {isa = PBXFileReference; lastKnownFileType = audio.wav; path = 76969__michel88__paino.wav; sourceTree = "<group>"; };
		700B04901D53014B0000B0E4 /* Saint Seiya - Japanese - Pegasus RyuSeiKen.mp3 */ = {isa = PBXFileReference; lastKnownFileType = audio.mp3; path = "Saint Seiya - Japanese - Pegasus RyuSeiKen.mp3"; sourceTree = "<group>"; };
		700B04921D537F1A0000B0E4 /* Sound.swift */ = {isa = PBXFileReference; fileEncoding = 4; lastKnownFileType = sourcecode.swift; name = Sound.swift; path = ../Sound.swift; sourceTree = "<group>"; };
		700B04941D5380640000B0E4 /* Game.swift */ = {isa = PBXFileReference; fileEncoding = 4; lastKnownFileType = sourcecode.swift; path = Game.swift; sourceTree = "<group>"; };
		700B04961D538ED70000B0E4 /* Start.swift */ = {isa = PBXFileReference; fileEncoding = 4; lastKnownFileType = sourcecode.swift; path = Start.swift; sourceTree = "<group>"; };
		700B04981D5393820000B0E4 /* 271139__strange-dragoon__menu-select.wav */ = {isa = PBXFileReference; lastKnownFileType = audio.wav; path = "271139__strange-dragoon__menu-select.wav"; sourceTree = "<group>"; };
/* End PBXFileReference section */

/* Begin PBXFrameworksBuildPhase section */
		700B046C1D52D8F60000B0E4 /* Frameworks */ = {
			isa = PBXFrameworksBuildPhase;
			buildActionMask = 2147483647;
			files = (
			);
			runOnlyForDeploymentPostprocessing = 0;
		};
/* End PBXFrameworksBuildPhase section */

/* Begin PBXGroup section */
		700B04661D52D8F60000B0E4 = {
			isa = PBXGroup;
			children = (
				700B04711D52D8F60000B0E4 /* Exercise 4 - OOP */,
				700B04701D52D8F60000B0E4 /* Products */,
			);
			sourceTree = "<group>";
		};
		700B04701D52D8F60000B0E4 /* Products */ = {
			isa = PBXGroup;
			children = (
				700B046F1D52D8F60000B0E4 /* Exercise 4 - OOP.app */,
			);
			name = Products;
			sourceTree = "<group>";
		};
		700B04711D52D8F60000B0E4 /* Exercise 4 - OOP */ = {
			isa = PBXGroup;
			children = (
				700B04721D52D8F60000B0E4 /* AppDelegate.swift */,
				700B04741D52D8F60000B0E4 /* ViewController.swift */,
				700B04761D52D8F60000B0E4 /* Main.storyboard */,
				700B04791D52D8F60000B0E4 /* Assets.xcassets */,
				700B047B1D52D8F60000B0E4 /* LaunchScreen.storyboard */,
				700B047E1D52D8F60000B0E4 /* Info.plist */,
				700B04841D52DCA20000B0E4 /* Character.swift */,
				700B04861D52DEF30000B0E4 /* Player.swift */,
				700B04921D537F1A0000B0E4 /* Sound.swift */,
				700B04941D5380640000B0E4 /* Game.swift */,
				700B04961D538ED70000B0E4 /* Start.swift */,
				700B04901D53014B0000B0E4 /* Saint Seiya - Japanese - Pegasus RyuSeiKen.mp3 */,
				700B048C1D52FC4A0000B0E4 /* 215033__taira-komori__katana1.mp3 */,
				700B048E1D52FCD10000B0E4 /* 76969__michel88__paino.wav */,
				700B04981D5393820000B0E4 /* 271139__strange-dragoon__menu-select.wav */,
				700B048A1D52F6E70000B0E4 /* Minecraft.ttf */,
			);
			path = "Exercise 4 - OOP";
			sourceTree = "<group>";
		};
/* End PBXGroup section */

/* Begin PBXNativeTarget section */
		700B046E1D52D8F60000B0E4 /* Exercise 4 - OOP */ = {
			isa = PBXNativeTarget;
			buildConfigurationList = 700B04811D52D8F60000B0E4 /* Build configuration list for PBXNativeTarget "Exercise 4 - OOP" */;
			buildPhases = (
				700B046B1D52D8F60000B0E4 /* Sources */,
				700B046C1D52D8F60000B0E4 /* Frameworks */,
				700B046D1D52D8F60000B0E4 /* Resources */,
			);
			buildRules = (
			);
			dependencies = (
			);
			name = "Exercise 4 - OOP";
			productName = "Exercise 4 - OOP";
			productReference = 700B046F1D52D8F60000B0E4 /* Exercise 4 - OOP.app */;
			productType = "com.apple.product-type.application";
		};
/* End PBXNativeTarget section */

/* Begin PBXProject section */
		700B04671D52D8F60000B0E4 /* Project object */ = {
			isa = PBXProject;
			attributes = {
				LastSwiftUpdateCheck = 0730;
				LastUpgradeCheck = 0730;
				ORGANIZATIONNAME = "Alberto Hirota";
				TargetAttributes = {
					700B046E1D52D8F60000B0E4 = {
						CreatedOnToolsVersion = 7.3.1;
					};
				};
			};
			buildConfigurationList = 700B046A1D52D8F60000B0E4 /* Build configuration list for PBXProject "Exercise 4 - OOP" */;
			compatibilityVersion = "Xcode 3.2";
			developmentRegion = English;
			hasScannedForEncodings = 0;
			knownRegions = (
				en,
				Base,
			);
			mainGroup = 700B04661D52D8F60000B0E4;
			productRefGroup = 700B04701D52D8F60000B0E4 /* Products */;
			projectDirPath = "";
			projectRoot = "";
			targets = (
				700B046E1D52D8F60000B0E4 /* Exercise 4 - OOP */,
			);
		};
/* End PBXProject section */

/* Begin PBXResourcesBuildPhase section */
		700B046D1D52D8F60000B0E4 /* Resources */ = {
			isa = PBXResourcesBuildPhase;
			buildActionMask = 2147483647;
			files = (
				700B047D1D52D8F60000B0E4 /* LaunchScreen.storyboard in Resources */,
				700B047A1D52D8F60000B0E4 /* Assets.xcassets in Resources */,
				700B048F1D52FCD10000B0E4 /* 76969__michel88__paino.wav in Resources */,
				700B048B1D52F6E70000B0E4 /* Minecraft.ttf in Resources */,
				700B04991D5393820000B0E4 /* 271139__strange-dragoon__menu-select.wav in Resources */,
				700B04781D52D8F60000B0E4 /* Main.storyboard in Resources */,
				700B048D1D52FC4A0000B0E4 /* 215033__taira-komori__katana1.mp3 in Resources */,
				700B04911D53014B0000B0E4 /* Saint Seiya - Japanese - Pegasus RyuSeiKen.mp3 in Resources */,
			);
			runOnlyForDeploymentPostprocessing = 0;
		};
/* End PBXResourcesBuildPhase section */

/* Begin PBXSourcesBuildPhase section */
		700B046B1D52D8F60000B0E4 /* Sources */ = {
			isa = PBXSourcesBuildPhase;
			buildActionMask = 2147483647;
			files = (
				700B04931D537F1A0000B0E4 /* Sound.swift in Sources */,
				700B04951D5380640000B0E4 /* Game.swift in Sources */,
				700B04851D52DCA20000B0E4 /* Character.swift in Sources */,
				700B04971D538ED70000B0E4 /* Start.swift in Sources */,
				700B04751D52D8F60000B0E4 /* ViewController.swift in Sources */,
				700B04871D52DEF30000B0E4 /* Player.swift in Sources */,
				700B04731D52D8F60000B0E4 /* AppDelegate.swift in Sources */,
			);
			runOnlyForDeploymentPostprocessing = 0;
		};
/* End PBXSourcesBuildPhase section */

/* Begin PBXVariantGroup section */
		700B04761D52D8F60000B0E4 /* Main.storyboard */ = {
			isa = PBXVariantGroup;
			children = (
				700B04771D52D8F60000B0E4 /* Base */,
			);
			name = Main.storyboard;
			sourceTree = "<group>";
		};
		700B047B1D52D8F60000B0E4 /* LaunchScreen.storyboard */ = {
			isa = PBXVariantGroup;
			children = (
				700B047C1D52D8F60000B0E4 /* Base */,
			);
			name = LaunchScreen.storyboard;
			sourceTree = "<group>";
		};
/* End PBXVariantGroup section */

/* Begin XCBuildConfiguration section */
		700B047F1D52D8F60000B0E4 /* Debug */ = {
			isa = XCBuildConfiguration;
			buildSettings = {
				ALWAYS_SEARCH_USER_PATHS = NO;
				CLANG_ANALYZER_NONNULL = YES;
				CLANG_CXX_LANGUAGE_STANDARD = "gnu++0x";
				CLANG_CXX_LIBRARY = "libc++";
				CLANG_ENABLE_MODULES = YES;
				CLANG_ENABLE_OBJC_ARC = YES;
				CLANG_WARN_BOOL_CONVERSION = YES;
				CLANG_WARN_CONSTANT_CONVERSION = YES;
				CLANG_WARN_DIRECT_OBJC_ISA_USAGE = YES_ERROR;
				CLANG_WARN_EMPTY_BODY = YES;
				CLANG_WARN_ENUM_CONVERSION = YES;
				CLANG_WARN_INT_CONVERSION = YES;
				CLANG_WARN_OBJC_ROOT_CLASS = YES_ERROR;
				CLANG_WARN_UNREACHABLE_CODE = YES;
				CLANG_WARN__DUPLICATE_METHOD_MATCH = YES;
				"CODE_SIGN_IDENTITY[sdk=iphoneos*]" = "iPhone Developer";
				COPY_PHASE_STRIP = NO;
				DEBUG_INFORMATION_FORMAT = dwarf;
				ENABLE_STRICT_OBJC_MSGSEND = YES;
				ENABLE_TESTABILITY = YES;
				GCC_C_LANGUAGE_STANDARD = gnu99;
				GCC_DYNAMIC_NO_PIC = NO;
				GCC_NO_COMMON_BLOCKS = YES;
				GCC_OPTIMIZATION_LEVEL = 0;
				GCC_PREPROCESSOR_DEFINITIONS = (
					"DEBUG=1",
					"$(inherited)",
				);
				GCC_WARN_64_TO_32_BIT_CONVERSION = YES;
				GCC_WARN_ABOUT_RETURN_TYPE = YES_ERROR;
				GCC_WARN_UNDECLARED_SELECTOR = YES;
				GCC_WARN_UNINITIALIZED_AUTOS = YES_AGGRESSIVE;
				GCC_WARN_UNUSED_FUNCTION = YES;
				GCC_WARN_UNUSED_VARIABLE = YES;
				IPHONEOS_DEPLOYMENT_TARGET = 9.3;
				MTL_ENABLE_DEBUG_INFO = YES;
				ONLY_ACTIVE_ARCH = YES;
				SDKROOT = iphoneos;
				SWIFT_OPTIMIZATION_LEVEL = "-Onone";
				TARGETED_DEVICE_FAMILY = "1,2";
			};
			name = Debug;
		};
		700B04801D52D8F60000B0E4 /* Release */ = {
			isa = XCBuildConfiguration;
			buildSettings = {
				ALWAYS_SEARCH_USER_PATHS = NO;
				CLANG_ANALYZER_NONNULL = YES;
				CLANG_CXX_LANGUAGE_STANDARD = "gnu++0x";
				CLANG_CXX_LIBRARY = "libc++";
				CLANG_ENABLE_MODULES = YES;
				CLANG_ENABLE_OBJC_ARC = YES;
				CLANG_WARN_BOOL_CONVERSION = YES;
				CLANG_WARN_CONSTANT_CONVERSION = YES;
				CLANG_WARN_DIRECT_OBJC_ISA_USAGE = YES_ERROR;
				CLANG_WARN_EMPTY_BODY = YES;
				CLANG_WARN_ENUM_CONVERSION = YES;
				CLANG_WARN_INT_CONVERSION = YES;
				CLANG_WARN_OBJC_ROOT_CLASS = YES_ERROR;
				CLANG_WARN_UNREACHABLE_CODE = YES;
				CLANG_WARN__DUPLICATE_METHOD_MATCH = YES;
				"CODE_SIGN_IDENTITY[sdk=iphoneos*]" = "iPhone Developer";
				COPY_PHASE_STRIP = NO;
				DEBUG_INFORMATION_FORMAT = "dwarf-with-dsym";
				ENABLE_NS_ASSERTIONS = NO;
				ENABLE_STRICT_OBJC_MSGSEND = YES;
				GCC_C_LANGUAGE_STANDARD = gnu99;
				GCC_NO_COMMON_BLOCKS = YES;
				GCC_WARN_64_TO_32_BIT_CONVERSION = YES;
				GCC_WARN_ABOUT_RETURN_TYPE = YES_ERROR;
				GCC_WARN_UNDECLARED_SELECTOR = YES;
				GCC_WARN_UNINITIALIZED_AUTOS = YES_AGGRESSIVE;
				GCC_WARN_UNUSED_FUNCTION = YES;
				GCC_WARN_UNUSED_VARIABLE = YES;
				IPHONEOS_DEPLOYMENT_TARGET = 9.3;
				MTL_ENABLE_DEBUG_INFO = NO;
				SDKROOT = iphoneos;
				TARGETED_DEVICE_FAMILY = "1,2";
				VALIDATE_PRODUCT = YES;
			};
			name = Release;
		};
		700B04821D52D8F60000B0E4 /* Debug */ = {
			isa = XCBuildConfiguration;
			buildSettings = {
				ASSETCATALOG_COMPILER_APPICON_NAME = AppIcon;
				INFOPLIST_FILE = "Exercise 4 - OOP/Info.plist";
				LD_RUNPATH_SEARCH_PATHS = "$(inherited) @executable_path/Frameworks";
				PRODUCT_BUNDLE_IDENTIFIER = "tests.ts.Exercise-4---OOP";
				PRODUCT_NAME = "$(TARGET_NAME)";
			};
			name = Debug;
		};
		700B04831D52D8F60000B0E4 /* Release */ = {
			isa = XCBuildConfiguration;
			buildSettings = {
				ASSETCATALOG_COMPILER_APPICON_NAME = AppIcon;
				INFOPLIST_FILE = "Exercise 4 - OOP/Info.plist";
				LD_RUNPATH_SEARCH_PATHS = "$(inherited) @executable_path/Frameworks";
				PRODUCT_BUNDLE_IDENTIFIER = "tests.ts.Exercise-4---OOP";
				PRODUCT_NAME = "$(TARGET_NAME)";
			};
			name = Release;
		};
/* End XCBuildConfiguration section */

/* Begin XCConfigurationList section */
		700B046A1D52D8F60000B0E4 /* Build configuration list for PBXProject "Exercise 4 - OOP" */ = {
			isa = XCConfigurationList;
			buildConfigurations = (
				700B047F1D52D8F60000B0E4 /* Debug */,
				700B04801D52D8F60000B0E4 /* Release */,
			);
			defaultConfigurationIsVisible = 0;
			defaultConfigurationName = Release;
		};
		700B04811D52D8F60000B0E4 /* Build configuration list for PBXNativeTarget "Exercise 4 - OOP" */ = {
			isa = XCConfigurationList;
			buildConfigurations = (
				700B04821D52D8F60000B0E4 /* Debug */,
				700B04831D52D8F60000B0E4 /* Release */,
			);
			defaultConfigurationIsVisible = 0;
		};
/* End XCConfigurationList section */
	};
	rootObject = 700B04671D52D8F60000B0E4 /* Project object */;
}
